
Microsoft Visual Studio Solution File, Format Version 12.00
# Visual Studio Version 17
VisualStudioVersion = 17.5.33530.505
MinimumVisualStudioVersion = 10.0.40219.1
Project("{FAE04EC0-301F-11D3-BF4B-00C04F79EFBC}") = "MagicVilla_VillaAPI", "MagicVilla_VillaAPI\MagicVilla_VillaAPI.csproj", "{5A794307-F81F-439A-BA2B-2B7293724C9B}"
EndProject
Global
	GlobalSection(SolutionConfigurationPlatforms) = preSolution
		Debug|Any CPU = Debug|Any CPU
		Release|Any CPU = Release|Any CPU
	EndGlobalSection
	GlobalSection(ProjectConfigurationPlatforms) = postSolution
		{5A794307-F81F-439A-BA2B-2B7293724C9B}.Debug|Any CPU.ActiveCfg = Debug|Any CPU
		{5A794307-F81F-439A-BA2B-2B7293724C9B}.Debug|Any CPU.Build.0 = Debug|Any CPU
		{5A794307-F81F-439A-BA2B-2B7293724C9B}.Release|Any CPU.ActiveCfg = Release|Any CPU
		{5A794307-F81F-439A-BA2B-2B7293724C9B}.Release|Any CPU.Build.0 = Release|Any CPU
	EndGlobalSection
	GlobalSection(SolutionProperties) = preSolution
		HideSolutionNode = FALSE
	EndGlobalSection
	GlobalSection(ExtensibilityGlobals) = postSolution
		SolutionGuid = {72EBF216-50E2-40F8-B2FC-7E5A00FC8101}
	EndGlobalSection
EndGlobal
